
Microsoft Visual Studio Solution File, Format Version 12.00
# Visual Studio Version 17
VisualStudioVersion = 17.0.31903.59
MinimumVisualStudioVersion = 10.0.40219.1
Project("{FAE04EC0-301F-11D3-BF4B-00C04F79EFBC}") = "AssembliesAndNamespaces", "AssembliesAndNamespaces\AssembliesAndNamespaces.csproj", "{22A97424-CE02-40C4-862B-65CE7D532EFD}"
EndProject
Project("{FAE04EC0-301F-11D3-BF4B-00C04F79EFBC}") = "SharedLibrary", "SharedLibrary\SharedLibrary.csproj", "{0F7380F9-3384-41DD-9B01-64941B2CE24C}"
EndProject
Project("{FAE04EC0-301F-11D3-BF4B-00C04F79EFBC}") = "DotNetEveryWhere", "DotNetEveryWhere\DotNetEveryWhere.csproj", "{291FDEC1-55D6-4DEC-8FD2-9387E2049989}"
EndProject
Global
	GlobalSection(SolutionConfigurationPlatforms) = preSolution
		Debug|Any CPU = Debug|Any CPU
		Release|Any CPU = Release|Any CPU
	EndGlobalSection
	GlobalSection(SolutionProperties) = preSolution
		HideSolutionNode = FALSE
	EndGlobalSection
	GlobalSection(ProjectConfigurationPlatforms) = postSolution
		{22A97424-CE02-40C4-862B-65CE7D532EFD}.Debug|Any CPU.ActiveCfg = Debug|Any CPU
		{22A97424-CE02-40C4-862B-65CE7D532EFD}.Debug|Any CPU.Build.0 = Debug|Any CPU
		{22A97424-CE02-40C4-862B-65CE7D532EFD}.Release|Any CPU.ActiveCfg = Release|Any CPU
		{22A97424-CE02-40C4-862B-65CE7D532EFD}.Release|Any CPU.Build.0 = Release|Any CPU
		{0F7380F9-3384-41DD-9B01-64941B2CE24C}.Debug|Any CPU.ActiveCfg = Debug|Any CPU
		{0F7380F9-3384-41DD-9B01-64941B2CE24C}.Debug|Any CPU.Build.0 = Debug|Any CPU
		{0F7380F9-3384-41DD-9B01-64941B2CE24C}.Release|Any CPU.ActiveCfg = Release|Any CPU
		{0F7380F9-3384-41DD-9B01-64941B2CE24C}.Release|Any CPU.Build.0 = Release|Any CPU
		{291FDEC1-55D6-4DEC-8FD2-9387E2049989}.Debug|Any CPU.ActiveCfg = Debug|Any CPU
		{291FDEC1-55D6-4DEC-8FD2-9387E2049989}.Debug|Any CPU.Build.0 = Debug|Any CPU
		{291FDEC1-55D6-4DEC-8FD2-9387E2049989}.Release|Any CPU.ActiveCfg = Release|Any CPU
		{291FDEC1-55D6-4DEC-8FD2-9387E2049989}.Release|Any CPU.Build.0 = Release|Any CPU
	EndGlobalSection
EndGlobal
